# THIS IS AN AUTOGENERATED FILE. DO NOT EDIT THIS FILE DIRECTLY.
assets/30_Sec_HD_WEB.mp4:
  development: 2018-03-15T17:22:32-04:00   520ab7ed8ad8d70043acd7e9bfa5b2a8
assets/about-main.png:
  development: 2018-03-15T17:22:32-04:00   c07cd7adc6d7bd42b9a1c8eba770ce52
assets/about-side.png:
  development: 2018-03-15T17:22:32-04:00   0d43fa6b363bbc7d6459fa318e47a897
assets/consistent_cart_addon.min.js:
  development: 2018-03-15T17:22:32-04:00   a7a22af7989d477f35d0117d5cef53bd
assets/currency-flags-small.png:
  development: 2018-03-15T17:22:32-04:00   b3426b0214692d64910c1f2a329b6e0d
assets/currency-flags.png:
  development: 2018-03-15T17:22:33-04:00   59d3e93fa0a48bdc2eecb0d6bed1e7b9
assets/district.js.liquid:
  development: 2018-03-15T17:22:33-04:00   4663ac05a6e2e08d66ff49934f7f11af
assets/district.scss.liquid:
  development: 2018-03-15T17:22:33-04:00   2590713bab32f4ebe5dddadbc49301f7
assets/doubly.js:
  development: 2018-03-15T17:22:33-04:00
assets/favicon.png:
  development: 2018-03-15T17:22:33-04:00   1812e06bc84a9ac146712e54ee90af64
assets/ficon.eot:
  development: 2018-03-15T17:22:33-04:00   614cd27cd349381157de0b661794f043
assets/ficon.svg:
  development: 2018-03-15T17:22:33-04:00   ccfe651d46a4bd52d7046990eebe33a7
assets/ficon.ttf:
  development: 2018-03-15T17:22:34-04:00   4931c5b3fdb3a7bd9e307c2739116151
assets/ficon.woff:
  development: 2018-03-15T17:22:34-04:00   d79d77176e7f793579b7f68762bf57be
assets/ficon.zip:
  development: 2018-03-15T17:22:34-04:00   c6314dc350583270ccaded72a3c182eb
assets/footer-logo.png:
  development: 2018-03-15T17:22:34-04:00   5acfb363eed71f78526d922e262a3559
assets/gift-card.scss.liquid:
  development: 2018-03-15T17:22:34-04:00   d274b3afd522846fe48630fe0061f4e3
assets/ginit.js:
  development: 2018-03-15T17:22:34-04:00   e5d66bf2695e62d32acbe019920bc4a7
assets/homepage_featured_box_1_image-o.jpg:
  development: 2018-03-15T17:22:34-04:00   cdf8ac8b4589ec889269d7b83e9a7a4d
assets/homepage_featured_box_1_image.jpg:
  development: 2018-03-15T17:22:35-04:00   2756aa2cc04a8d9be431018d2aabc1ce
assets/homepage_featured_box_2_image-o.jpg:
  development: 2018-03-15T17:22:35-04:00   8d07f4c3b33588417bddc28eee6315c7
assets/homepage_featured_box_2_image.jpg:
  development: 2018-03-15T17:22:35-04:00   83aa783db3e717f5fe846800885e3141
assets/homepage_featured_box_3_image-o.jpg:
  development: 2018-03-15T17:22:35-04:00   6e21b83b89c2c0354db06e83242b5b92
assets/homepage_featured_box_3_image.jpg:
  development: 2018-03-15T17:22:36-04:00   6e21b83b89c2c0354db06e83242b5b92
assets/homepage_featured_box_4_image-o.jpg:
  development: 2018-03-15T17:22:36-04:00   051021d1be33a19ecbe30e8f86a243a1
assets/homepage_featured_box_4_image.jpg:
  development: 2018-03-15T17:22:36-04:00   051021d1be33a19ecbe30e8f86a243a1
assets/homepage_featured_box_5_image-o.jpg:
  development: 2018-03-15T17:22:36-04:00   8222b13162195efd64ea15d175749d68
assets/homepage_featured_box_5_image.jpg:
  development: 2018-03-15T17:22:37-04:00   8222b13162195efd64ea15d175749d68
assets/homepage_hero_image_1.jpg:
  development: 2018-03-15T17:22:37-04:00   39291ed69952d3b0b43035d3e80153cd
assets/homepage_hero_image_2.jpg:
  development: 2018-03-15T17:22:37-04:00   114d30cd9c2fac2ce6c7f0417d796933
assets/homepage_hero_image_3.jpg:
  development: 2018-03-15T17:22:37-04:00   010bdacace3bda3d2014c40caae2668a
assets/homepage_hero_image_4.jpg:
  development: 2018-03-15T17:22:37-04:00   ba0a5b96d39dca0670619d1608bf9b40
assets/homepage_hero_image_5.jpg:
  development: 2018-03-15T17:22:38-04:00   1bfd4a6e88110e9173ec1e590427726a
assets/ico-dropdown.svg.liquid:
  development: 2018-03-15T17:22:38-04:00   a12b9349ce8db59c6d2627921c188f3a
assets/ico-select-util.svg.liquid:
  development: 2018-03-15T17:22:38-04:00   f097ffe4930b275a03da3e9178a6e0a9
assets/ico-select.svg.liquid:
  development: 2018-03-15T17:22:38-04:00   9d8d3243c231676a7e82a6aeaee3caac
assets/icon-freegift.png:
  development: 2018-03-15T17:22:38-04:00   5e8974a0e34690a2285f3c73d2c6e03b
assets/icons.eot:
  development: 2018-03-15T17:22:38-04:00   0b9fb774ccd8a14e0a0ffc5c37158cd4
assets/icons.json:
  development: 2018-03-15T17:22:38-04:00   1bb4319d670c99e41a089112e0d91953
assets/icons.svg:
  development: 2018-03-15T17:22:39-04:00   6205948790041c19888d665210039209
assets/icons.ttf:
  development: 2018-03-15T17:22:39-04:00   50db6441a8b65e719164e1b1fc93422b
assets/icons.woff:
  development: 2018-03-15T17:22:39-04:00   eb2411122fff5371e21040ccba3c1f2e
assets/ie8.js:
  development: 2018-03-15T17:22:39-04:00   27a1e08b22d225cbfc3f6cdea9f44bff
assets/jquery.currencies.min.js:
  development: 2018-03-15T17:22:39-04:00   21a6f41c5ce4e3aafd4fd0c398703867
assets/jquery_accordion.js:
  development: 2018-03-15T17:22:39-04:00   cc526ab48ca4bff6f012c5409d7cc50d
assets/logo.png:
  development: 2018-03-15T17:22:40-04:00   371bc51355cf139ae19a6574d4b7f3d6
assets/minus.png:
  development: 2018-03-15T17:22:40-04:00   d34239a4b4c500abc56c54ff99f8839e
assets/modernizr.min.js:
  development: 2018-03-15T17:22:40-04:00   ccfb993dafa38324bee063f76f866670
assets/plus.png:
  development: 2018-03-15T17:22:40-04:00   296feb2ea0b90695526af11b19c567c9
assets/popup-header.jpg:
  development: 2018-03-15T17:22:40-04:00   4cff16bfe193094e7c8bf497044771d1
assets/respond-proxy.html:
  development: 2018-03-15T17:22:40-04:00   75002d74a330bff6bf069284da503b4c
assets/respond.min.js:
  development: 2018-03-15T17:22:40-04:00   a2684e9b8fa50d6d11c56a9ada068528
assets/sca.freegift.css:
  development: 2018-03-15T17:22:41-04:00   2e8a021f9e445fb44cdf0bb7cf32807e
assets/selectivizr.js:
  development: 2018-03-15T17:22:41-04:00   5d7640238f1173cdae0085df68162794
assets/shippingandtaxcalculator.css:
  development: 2018-03-15T17:22:41-04:00   f2738f751af3d2a94d07c49d89dcab67
assets/vendor.js.liquid:
  development: 2018-03-15T17:22:41-04:00   0695575cf609135e74bab4aad97f1a32
assets/vncv.js:
  development: 2018-03-15T17:22:41-04:00   d24883a9d1623ad362924fc5ed74c572
assets/zendesk-embeddable.js:
  development: 2018-03-15T17:22:41-04:00   16fbe3cd773cd3999f05a50ce72a87bb
config/settings_data.json:
  development: 2018-03-15T17:22:51-04:00   14226a4ba3d2503b947672813a226c74
config/settings_schema.json:
  development: 2018-03-15T17:22:50-04:00   ff57b0295460df05948e3f0f4c01af75
layout/theme-backup-social-sign-in.liquid:
  development: 2018-03-15T17:22:41-04:00   76852564fe2114d3055d0d222acae280
layout/theme-without-spurit_wsmm.liquid:
  development: 2018-03-15T17:22:41-04:00   2c6742e9cddf4b1464c2a3b3795003c8
layout/theme.bak.2017-03-04@19-53-07utc.liquid:
  development: 2018-03-15T17:22:41-04:00   dac15d0cebbc1053334d733d8264fbd9
layout/theme.liquid:
  development: 2018-03-15T17:22:42-04:00   b390e39ef9ac26cae566ecb098bcd839
locales/de.json:
  development: 2018-03-15T17:22:42-04:00   1670a779116576147849c231e4b6cf56
locales/en.default.json:
  development: 2018-03-15T17:22:42-04:00   01728d2577f666f3a67f0f2527620f4a
locales/es.json:
  development: 2018-03-15T17:22:42-04:00   685b6dc760f5bfddac8a77b81a6801b1
locales/fr.json:
  development: 2018-03-15T17:22:42-04:00   22bbf359438bd9945fe8aaac4b57a77d
locales/pt-BR.json:
  development: 2018-03-15T17:22:42-04:00   c52677930d67ccbb00f07994b857000a
locales/pt-PT.json:
  development: 2018-03-15T17:22:42-04:00   c9693b83f457a03b39a5e374203dd9a2
snippets/accounts-nav.liquid:
  development: 2018-03-15T17:22:42-04:00   d3a39074fcbb999f65857a9bf0731cad
snippets/back-in-stock-helper.liquid:
  development: 2018-03-15T17:22:42-04:00   39d4ca6c91e9d4710eaff814870e69a9
snippets/bk-tracking.liquid:
  development: 2018-03-15T17:22:42-04:00   cc5beda349f254406fc719e4eb6b5038
snippets/blog-sidebar.liquid:
  development: 2018-03-15T17:22:42-04:00   cafddff966b40cca93fccaa69e5c5a36
snippets/bold-product.liquid:
  development: 2018-03-15T17:22:43-04:00   ad9ef59eb69339a1db06cb98658ce6b2
snippets/bold-variant.liquid:
  development: 2018-03-15T17:22:43-04:00   5bf8211fc55ca10f152b45fd7951e1c2
snippets/breadcrumb.liquid:
  development: 2018-03-15T17:22:43-04:00   a38ed8ded49b023e878d137f779ff649
snippets/buyx-cart.liquid:
  development: 2018-03-15T17:22:43-04:00   ecc4ebbd6f32234e7d8338e06166864b
snippets/buyx-price-min.liquid:
  development: 2018-03-15T17:22:43-04:00   4778418718982df526faae53152de8c8
snippets/buyx-product.liquid:
  development: 2018-03-15T17:22:43-04:00   143c7e5afd490d2b41259f078bb25b85
snippets/cart-preview.liquid:
  development: 2018-03-15T17:22:43-04:00   e5dba85358aba5b5f34ebb2fcc7d4692
snippets/collection-sidebar.liquid:
  development: 2018-03-15T17:22:43-04:00   63a60e27219308d5e5464e541e7713bb
snippets/collection-sorting.liquid:
  development: 2018-03-15T17:22:43-04:00   d5b3db688af601a11bd41a4bc51cfd52
snippets/comment.liquid:
  development: 2018-03-15T17:22:43-04:00   e80c27f512b01871a374b12d536b2705
snippets/currencies.liquid:
  development: 2018-03-15T17:22:44-04:00   f473f662ede41999cbdbdcfa403ff471
snippets/currency-picker.liquid:
  development: 2018-03-15T17:22:44-04:00   19938e03aabe45c10116d7a5f6c2053b
snippets/custom-product-tabs.liquid:
  development: 2018-03-15T17:22:44-04:00   5ebaba5e5b38500d2746d08f266d12cd
snippets/easyvideo.liquid:
  development: 2018-03-15T17:22:44-04:00   405e392a729451cf224eba4f22605dc1
snippets/extra-collection.liquid:
  development: 2018-03-15T17:22:44-04:00   bffa48cc7b76c548b25360a5c700c1b1
snippets/featured-collection.liquid:
  development: 2018-03-15T17:22:44-04:00   bb1950b20cbafe8c38e25b958423f36d
snippets/featured-grid.liquid:
  development: 2018-03-15T17:22:44-04:00   ac7613733123f16357f418b91faf4ccb
snippets/featured-page.liquid:
  development: 2018-03-15T17:22:44-04:00   3bfc11c78c2013ed7d9b45e107c9ee25
snippets/fonts.liquid:
  development: 2018-03-15T17:22:44-04:00   64adfe1a17525361f5c8c906d2df5ba3
snippets/hero-slider.liquid:
  development: 2018-03-15T17:22:44-04:00   a1f45fd2d0c2945c3b406bfbc44fa6ac
snippets/homepage-collection.liquid:
  development: 2018-03-15T17:22:45-04:00   19cae7614c55c0dd9ad49d9a8d24b843
snippets/homepage-festival.liquid:
  development: 2018-03-15T17:22:45-04:00   1a088525b8dc7f32ac5ab729197f610f
snippets/homepage-video-slider.liquid:
  development: 2018-03-15T17:22:45-04:00   4002f38c79b4539c9d7f46cf632e060a
snippets/instagram-product.liquid:
  development: 2018-03-15T17:22:45-04:00   cce18f6c73ddaccf8fd43078c83439fb
snippets/instagram.liquid:
  development: 2018-03-15T17:22:45-04:00   9ffe8e8fb7405b359983dbe3e6122967
snippets/livechat_monitoring_code.liquid:
  development: 2018-03-15T17:22:45-04:00   69e138b8fc78ef8f3440762f9c896be3
snippets/newsletter-subscribe.liquid:
  development: 2018-03-15T17:22:45-04:00   62195656f8a10fc4454205e475ceafb5
snippets/oldIE-js.liquid:
  development: 2018-03-15T17:22:45-04:00   d543ced1a0bc0f7b9e4fdb20c4162034
snippets/onboarding-empty-collection.liquid:
  development: 2018-03-15T17:22:45-04:00   4ac7225c026c07e486a72739d8ee4e33
snippets/onboarding-featured-collections.liquid:
  development: 2018-03-15T17:22:45-04:00   c32edd2f8c61fd44a01a87d73f10aca1
snippets/onboarding-featured-products.liquid:
  development: 2018-03-15T17:22:45-04:00   51fb248726e745ab93e35e5c8f6086b3
snippets/onboarding-simple-products.liquid:
  development: 2018-03-15T17:22:45-04:00   7667877e2a5630e36e570f923d5afecd
snippets/order-logic.liquid:
  development: 2018-03-15T17:22:45-04:00   c09488e40b61b8734a07359b87799a77
snippets/pagination.liquid:
  development: 2018-03-15T17:22:46-04:00   622f3889d76613df33259220a8732847
snippets/preorder-me-cart.liquid:
  development: 2018-03-15T17:22:46-04:00   87473c87d55cf833b69d9eb9b5efd108
snippets/preorder-me-widget.liquid:
  development: 2018-03-15T17:22:46-04:00   cbae3239759bc0967cc4c3f82b51ed95
snippets/product-description-tabs.liquid:
  development: 2018-03-15T17:22:46-04:00   2e699f00cd25df8f675322bdb2366f19
snippets/product-grid-item.liquid:
  development: 2018-03-15T17:22:46-04:00   b76732711cbd54ead677dc7cd49c9f01
snippets/product-list-item.liquid:
  development: 2018-03-15T17:22:46-04:00   2d8803a80e83bd076d5c941c9ce539e5
snippets/recent-posts.liquid:
  development: 2018-03-15T17:22:46-04:00   5ca2e75330a1d9234fc37082ae73f35c
snippets/related-products-tags.liquid:
  development: 2018-03-15T17:22:46-04:00   f098a5c69e47f6dee98576c475918f16
snippets/related-products.liquid:
  development: 2018-03-15T17:22:46-04:00   b13e3f1985b7c2a08232e21e1f808a55
snippets/respond.liquid:
  development: 2018-03-15T17:22:47-04:00   732a4c707b459d8c7b21de442fa6285e
snippets/sca.freegifts.liquid:
  development: 2018-03-15T17:22:47-04:00   8e645051fa6459f8c9da550c50edef14
snippets/sca.freegifts.status.liquid:
  development: 2018-03-15T17:22:47-04:00   ea1abe50565424999f6b48f347a54908
snippets/scn-base-js.liquid:
  development: 2018-03-15T17:22:47-04:00   2210acef43441550c97f2cbad0b647bb
snippets/scn-min-price.liquid:
  development: 2018-03-15T17:22:47-04:00   27e09c5d83e683ffa47cb6b48fc89938
snippets/scn-product.liquid:
  development: 2018-03-15T17:22:47-04:00   950cb579bbc51137ae0eff4f847821dd
snippets/search-bar.liquid:
  development: 2018-03-15T17:22:47-04:00   7af666c81918584b5083c4ca18588a10
snippets/shappify-csp-min-price.liquid:
  development: 2018-03-15T17:22:47-04:00   618ef8e46b8a1ea49937d6c85161741a
snippets/shappify-csp.liquid:
  development: 2018-03-15T17:22:47-04:00   05ce65f714ed9b9b92ab87d46039f096
snippets/shappify-variant-is-csp.liquid:
  development: 2018-03-15T17:22:47-04:00   6e71b1caaa7e5e81f5d63f00338f3ef2
snippets/shippingandtaxcalculator.liquid:
  development: 2018-03-15T17:22:47-04:00   377687608e9e010be9afd8de90a64da4
snippets/simple-collection.liquid:
  development: 2018-03-15T17:22:47-04:00   7e2b05d02202f48fd9d153e414c192ee
snippets/site-nav.liquid:
  development: 2018-03-15T17:22:47-04:00   3adb1001897d658ac3bd9afb7272c70f
snippets/social-icons.liquid:
  development: 2018-03-15T17:22:47-04:00   5d8979f655e6f3705e87c441b5d81c1d
snippets/social-meta-tags.liquid:
  development: 2018-03-15T17:22:47-04:00   0a5632d8ea24cf3005027f177af797c5
snippets/social-share.liquid:
  development: 2018-03-15T17:22:47-04:00   bbdcbb79e0a9f0a335c0a482743467e5
snippets/spurit_po-cart-snippet.liquid:
  development: 2018-03-15T17:22:47-04:00   b4ac76cf65bc0ea719572dd28db364e7
snippets/spurit_po-collection-list-snippet.liquid:
  development: 2018-03-15T17:22:48-04:00   69424fdbec5ec7f46ec137e51b885ac1
snippets/spurit_po-collection-snippet.liquid:
  development: 2018-03-15T17:22:48-04:00   1055660d2e434c74cde8326e36791489
snippets/spurit_po-product-snippet.liquid:
  development: 2018-03-15T17:22:48-04:00   4955622b95bae2c7738206b017e3b23a
snippets/spurit_wsmm-theme-snippet.liquid:
  development: 2018-03-15T17:22:48-04:00   cd956d6214572c68d97dd4a712a2063a
snippets/src-from-text.liquid:
  development: 2018-03-15T17:22:48-04:00   44aea766312481ca710dcda710f665ac
snippets/tags-article.liquid:
  development: 2018-03-15T17:22:48-04:00   f6d611c0285a3266fdd47943422264e5
snippets/vncpc.liquid:
  development: 2018-03-15T17:22:48-04:00   7771556dedb355130311cb6b8a44c0fa
snippets/wh_calculate_discount.liquid:
  development: 2018-03-15T17:22:48-04:00   919cfe7f64b3d8cbdb63ccfe9e172361
snippets/wh_calculate_discount_no_js.liquid:
  development: 2018-03-15T17:22:48-04:00   525ec9c8cea7d18bce2a26b2ab0ee148
snippets/wh_cart.liquid:
  development: 2018-03-15T17:22:48-04:00   5c085daabc891d29866f6e9f21084bab
snippets/wh_variant.liquid:
  development: 2018-03-15T17:22:48-04:00   fa1853a47c1497ee98204a1684950970
snippets/wh_visible_helper.liquid:
  development: 2018-03-15T17:22:48-04:00   75177aa477b53fe65be633fc43f4234a
templates/404.liquid:
  development: 2018-03-15T17:22:48-04:00   8b2d679c5a52a129e65415b379aa256b
templates/article.liquid:
  development: 2018-03-15T17:22:48-04:00   a62cb454bb69c31ce58725d63a8376ac
templates/blog.liquid:
  development: 2018-03-15T17:22:48-04:00   0ff5783b0680e76a029fd9910bf6fea6
templates/cart-without-spurit_po.liquid:
  development: 2018-03-15T17:22:48-04:00   53606c213233aed9817809b76bd8b7ac
templates/cart.liquid:
  development: 2018-03-15T17:22:48-04:00   6680d1fb2188060ff8e64b208d1cba04
templates/cart.tsbkp.liquid:
  development: 2018-03-15T17:22:49-04:00   ee61af8f50c0fdac1c0399abc2814563
templates/collection-without-spurit_po.liquid:
  development: 2018-03-15T17:22:49-04:00   20643be78f48f9d2b8a5b2b3aa71785c
templates/collection.liquid:
  development: 2018-03-15T17:22:49-04:00   60319839622fe5f4d4964dcffd40e863
templates/collection.list.liquid:
  development: 2018-03-15T17:22:49-04:00   9f50f380542019324af98eb3c69ea262
templates/collection.sca.productid.js.liquid:
  development: 2018-03-15T17:22:49-04:00   7c25ef42a4c644e4b6fe03047af7e193
templates/customers/account.liquid:
  development: 2018-03-15T17:22:49-04:00   181b080bb9c87acc7ebdc996a8d301ab
templates/customers/activate_account.liquid:
  development: 2018-03-15T17:22:49-04:00   13f0a0df898fd9a43bfe14956e444335
templates/customers/addresses.liquid:
  development: 2018-03-15T17:22:49-04:00   8026eac3788194285ff9cc44d75582c7
templates/customers/login.liquid:
  development: 2018-03-15T17:22:49-04:00   078b23cb37c0ddbcc58308d1fb743251
templates/customers/order.liquid:
  development: 2018-03-15T17:22:49-04:00   1a56135265f5115b60990e086a255478
templates/customers/register.liquid:
  development: 2018-03-15T17:22:49-04:00   e34e0255081215c03749af0d99b6fbfc
templates/customers/reset_password.liquid:
  development: 2018-03-15T17:22:49-04:00   3c651900eec4e5c409352db0d5b6f242
templates/gift_card.liquid:
  development: 2018-03-15T17:22:49-04:00   95a13a3f748bbad4427ef5a66e492a1e
templates/index.liquid:
  development: 2018-03-15T17:22:49-04:00   037d939e3e6ceb789a70493239966ce6
templates/index.sca.collection.js.liquid:
  development: 2018-03-15T17:22:49-04:00   a643342762fb2c626d7d503edd5a9672
templates/index.sca.product_type.js.liquid:
  development: 2018-03-15T17:22:49-04:00   1dff9651831761c7c44221a766a93fae
templates/index.sca.vendor.js.liquid:
  development: 2018-03-15T17:22:50-04:00   1109d44fd8d37d50ff0f3cd524ebaf95
templates/list-collections.liquid:
  development: 2018-03-15T17:22:50-04:00   48d4328a88994f0ecbe2a3275765a006
templates/page.about.liquid:
  development: 2018-03-15T17:22:50-04:00   36a96ed24396f0ca5acea2e4ecc30236
templates/page.contact.liquid:
  development: 2018-03-15T17:22:50-04:00   9eb8ee7e5655bf744f73e681644a4204
templates/page.faq.liquid:
  development: 2018-03-15T17:22:50-04:00   93f6606745e847d4dbcde486ef8b3a47
templates/page.liquid:
  development: 2018-03-15T17:22:50-04:00   c67be6f9c96d90820c856d7d5b7086d6
templates/page.narrow.liquid:
  development: 2018-03-15T17:22:50-04:00   b82b93de7b87bb5fa2a8c08070a81512
templates/password.liquid:
  development: 2018-03-15T17:22:50-04:00   b57c905878d5432e147f251ff059244f
templates/product-backup-tabs.liquid:
  development: 2018-03-15T17:22:50-04:00   4c9e23df3ce7f7f9bf89b837882f39b3
templates/product-without-spurit_po.liquid:
  development: 2018-03-15T17:22:50-04:00   1a27f8e59aae70f23992b09bba3ce93b
templates/product.liquid:
  development: 2018-03-15T17:22:50-04:00   12a4c9ac6a636a19cc03307f0b7b6d1b
templates/search.liquid:
  development: 2018-03-15T17:22:50-04:00   99880542fb1c318d3b42a505059443ac
templates/search.sca.product.js.liquid:
  development: 2018-03-15T17:22:50-04:00   4618d0e66b2a6dbfc85458a70b5f67a6
templates/search.sca.productid.js.liquid:
  development: 2018-03-15T17:22:50-04:00   6b52fe9a19f81f3fa1bcac2c1b8ad17f
